
Microsoft Visual Studio Solution File, Format Version 12.00
# Visual Studio Version 16
VisualStudioVersion = 16.0.29905.134
MinimumVisualStudioVersion = 10.0.40219.1
Project("{9A19103F-16F7-4668-BE54-9A1E7A4F7556}") = "ArticleAPIApp.Business", "ArticleAPIApp.Business\ArticleAPIApp.Business.csproj", "{4863DA25-4A00-48C7-8BD6-B4E01BDE90FF}"
EndProject
Project("{9A19103F-16F7-4668-BE54-9A1E7A4F7556}") = "ArticleAPIApp.DataAccess", "ArticleAPIApp.DataAccess\ArticleAPIApp.DataAccess.csproj", "{6904D27E-9353-41B5-8EED-9AF352989F0E}"
EndProject
Project("{9A19103F-16F7-4668-BE54-9A1E7A4F7556}") = "ArticleAPIApp.Entities", "ArticleAPIApp.Entities\ArticleAPIApp.Entities.csproj", "{A8AE87A9-E0A3-4A43-A633-265222B15FD6}"
EndProject
Project("{9A19103F-16F7-4668-BE54-9A1E7A4F7556}") = "ArticleAPIApp.WebAPI", "ArticleAPIApp.WebAPI\ArticleAPIApp.WebAPI.csproj", "{2E47F388-0572-4ADD-A588-5F383021997A}"
EndProject
Project("{9A19103F-16F7-4668-BE54-9A1E7A4F7556}") = "ArticleAPIApp.MVC.UI", "ArticleAPIApp.MVC.UI\ArticleAPIApp.MVC.UI.csproj", "{1C7CF693-E566-4744-9E2D-0AE0DF3A4372}"
EndProject
Project("{FAE04EC0-301F-11D3-BF4B-00C04F79EFBC}") = "ContentService", "ContentService\ContentService.csproj", "{C59F3696-9856-4E66-A8B0-D7DA37E0A5DA}"
EndProject
Global
	GlobalSection(SolutionConfigurationPlatforms) = preSolution
		Debug|Any CPU = Debug|Any CPU
		Release|Any CPU = Release|Any CPU
	EndGlobalSection
	GlobalSection(ProjectConfigurationPlatforms) = postSolution
		{4863DA25-4A00-48C7-8BD6-B4E01BDE90FF}.Debug|Any CPU.ActiveCfg = Debug|Any CPU
		{4863DA25-4A00-48C7-8BD6-B4E01BDE90FF}.Debug|Any CPU.Build.0 = Debug|Any CPU
		{4863DA25-4A00-48C7-8BD6-B4E01BDE90FF}.Release|Any CPU.ActiveCfg = Release|Any CPU
		{4863DA25-4A00-48C7-8BD6-B4E01BDE90FF}.Release|Any CPU.Build.0 = Release|Any CPU
		{6904D27E-9353-41B5-8EED-9AF352989F0E}.Debug|Any CPU.ActiveCfg = Debug|Any CPU
		{6904D27E-9353-41B5-8EED-9AF352989F0E}.Debug|Any CPU.Build.0 = Debug|Any CPU
		{6904D27E-9353-41B5-8EED-9AF352989F0E}.Release|Any CPU.ActiveCfg = Release|Any CPU
		{6904D27E-9353-41B5-8EED-9AF352989F0E}.Release|Any CPU.Build.0 = Release|Any CPU
		{A8AE87A9-E0A3-4A43-A633-265222B15FD6}.Debug|Any CPU.ActiveCfg = Debug|Any CPU
		{A8AE87A9-E0A3-4A43-A633-265222B15FD6}.Debug|Any CPU.Build.0 = Debug|Any CPU
		{A8AE87A9-E0A3-4A43-A633-265222B15FD6}.Release|Any CPU.ActiveCfg = Release|Any CPU
		{A8AE87A9-E0A3-4A43-A633-265222B15FD6}.Release|Any CPU.Build.0 = Release|Any CPU
		{2E47F388-0572-4ADD-A588-5F383021997A}.Debug|Any CPU.ActiveCfg = Debug|Any CPU
		{2E47F388-0572-4ADD-A588-5F383021997A}.Debug|Any CPU.Build.0 = Debug|Any CPU
		{2E47F388-0572-4ADD-A588-5F383021997A}.Release|Any CPU.ActiveCfg = Release|Any CPU
		{2E47F388-0572-4ADD-A588-5F383021997A}.Release|Any CPU.Build.0 = Release|Any CPU
		{1C7CF693-E566-4744-9E2D-0AE0DF3A4372}.Debug|Any CPU.ActiveCfg = Debug|Any CPU
		{1C7CF693-E566-4744-9E2D-0AE0DF3A4372}.Debug|Any CPU.Build.0 = Debug|Any CPU
		{1C7CF693-E566-4744-9E2D-0AE0DF3A4372}.Release|Any CPU.ActiveCfg = Release|Any CPU
		{1C7CF693-E566-4744-9E2D-0AE0DF3A4372}.Release|Any CPU.Build.0 = Release|Any CPU
		{C59F3696-9856-4E66-A8B0-D7DA37E0A5DA}.Debug|Any CPU.ActiveCfg = Debug|Any CPU
		{C59F3696-9856-4E66-A8B0-D7DA37E0A5DA}.Debug|Any CPU.Build.0 = Debug|Any CPU
		{C59F3696-9856-4E66-A8B0-D7DA37E0A5DA}.Release|Any CPU.ActiveCfg = Release|Any CPU
		{C59F3696-9856-4E66-A8B0-D7DA37E0A5DA}.Release|Any CPU.Build.0 = Release|Any CPU
	EndGlobalSection
	GlobalSection(SolutionProperties) = preSolution
		HideSolutionNode = FALSE
	EndGlobalSection
	GlobalSection(ExtensibilityGlobals) = postSolution
		SolutionGuid = {A901B64D-15EA-4129-A36E-24AC486185FF}
	EndGlobalSection
EndGlobal
